
Microsoft Visual Studio Solution File, Format Version 12.00
# Visual Studio 14
VisualStudioVersion = 14.0.25420.1
MinimumVisualStudioVersion = 10.0.40219.1
Project("{FAE04EC0-301F-11D3-BF4B-00C04F79EFBC}") = "PhishingOutlookAddIn", "PhishingOutlookAddIn\PhishingOutlookAddIn.csproj", "{D13C01CA-5FD5-4F7C-A87B-D41BE9946F90}"
EndProject
Project("{6141683F-8A12-4E36-9623-2EB02B2C2303}") = "PhishingOutlookAddInSetup", "PhishingOutlookAddInSetup\PhishingOutlookAddInSetup.isproj", "{DD177F45-6618-4125-AA9D-65B5EBE9B991}"
	ProjectSection(ProjectDependencies) = postProject
		{D13C01CA-5FD5-4F7C-A87B-D41BE9946F90} = {D13C01CA-5FD5-4F7C-A87B-D41BE9946F90}
	EndProjectSection
EndProject
Global
	GlobalSection(SolutionConfigurationPlatforms) = preSolution
		CD_ROM|Any CPU = CD_ROM|Any CPU
		Debug|Any CPU = Debug|Any CPU
		DVD-5|Any CPU = DVD-5|Any CPU
		Release|Any CPU = Release|Any CPU
		SingleImage|Any CPU = SingleImage|Any CPU
	EndGlobalSection
	GlobalSection(ProjectConfigurationPlatforms) = postSolution
		{D13C01CA-5FD5-4F7C-A87B-D41BE9946F90}.CD_ROM|Any CPU.ActiveCfg = Release|Any CPU
		{D13C01CA-5FD5-4F7C-A87B-D41BE9946F90}.CD_ROM|Any CPU.Build.0 = Release|Any CPU
		{D13C01CA-5FD5-4F7C-A87B-D41BE9946F90}.Debug|Any CPU.ActiveCfg = Debug|Any CPU
		{D13C01CA-5FD5-4F7C-A87B-D41BE9946F90}.Debug|Any CPU.Build.0 = Debug|Any CPU
		{D13C01CA-5FD5-4F7C-A87B-D41BE9946F90}.DVD-5|Any CPU.ActiveCfg = Debug|Any CPU
		{D13C01CA-5FD5-4F7C-A87B-D41BE9946F90}.DVD-5|Any CPU.Build.0 = Debug|Any CPU
		{D13C01CA-5FD5-4F7C-A87B-D41BE9946F90}.Release|Any CPU.ActiveCfg = Release|Any CPU
		{D13C01CA-5FD5-4F7C-A87B-D41BE9946F90}.Release|Any CPU.Build.0 = Release|Any CPU
		{D13C01CA-5FD5-4F7C-A87B-D41BE9946F90}.SingleImage|Any CPU.ActiveCfg = Release|Any CPU
		{D13C01CA-5FD5-4F7C-A87B-D41BE9946F90}.SingleImage|Any CPU.Build.0 = Release|Any CPU
		{DD177F45-6618-4125-AA9D-65B5EBE9B991}.CD_ROM|Any CPU.ActiveCfg = CD_ROM
		{DD177F45-6618-4125-AA9D-65B5EBE9B991}.CD_ROM|Any CPU.Build.0 = CD_ROM
		{DD177F45-6618-4125-AA9D-65B5EBE9B991}.Debug|Any CPU.ActiveCfg = DVD-5
		{DD177F45-6618-4125-AA9D-65B5EBE9B991}.Debug|Any CPU.Build.0 = DVD-5
		{DD177F45-6618-4125-AA9D-65B5EBE9B991}.DVD-5|Any CPU.ActiveCfg = DVD-5
		{DD177F45-6618-4125-AA9D-65B5EBE9B991}.DVD-5|Any CPU.Build.0 = DVD-5
		{DD177F45-6618-4125-AA9D-65B5EBE9B991}.Release|Any CPU.ActiveCfg = SingleImage
		{DD177F45-6618-4125-AA9D-65B5EBE9B991}.Release|Any CPU.Build.0 = SingleImage
		{DD177F45-6618-4125-AA9D-65B5EBE9B991}.SingleImage|Any CPU.ActiveCfg = SingleImage
		{DD177F45-6618-4125-AA9D-65B5EBE9B991}.SingleImage|Any CPU.Build.0 = SingleImage
	EndGlobalSection
	GlobalSection(SolutionProperties) = preSolution
		HideSolutionNode = FALSE
	EndGlobalSection
EndGlobal
